
Microsoft Visual Studio Solution File, Format Version 12.00
# Visual Studio Version 17
VisualStudioVersion = 17.2.32519.379
MinimumVisualStudioVersion = 10.0.40219.1
Project("{FAE04EC0-301F-11D3-BF4B-00C04F79EFBC}") = "22-12-2022 SWE Refactoring", "22-12-2022 SWE Refactoring\22-12-2022 SWE Refactoring.csproj", "{4D6BC9CE-A8E6-4E83-8D35-153DAD183DB3}"
EndProject
Global
	GlobalSection(SolutionConfigurationPlatforms) = preSolution
		Debug|Any CPU = Debug|Any CPU
		Release|Any CPU = Release|Any CPU
	EndGlobalSection
	GlobalSection(ProjectConfigurationPlatforms) = postSolution
		{4D6BC9CE-A8E6-4E83-8D35-153DAD183DB3}.Debug|Any CPU.ActiveCfg = Debug|Any CPU
		{4D6BC9CE-A8E6-4E83-8D35-153DAD183DB3}.Debug|Any CPU.Build.0 = Debug|Any CPU
		{4D6BC9CE-A8E6-4E83-8D35-153DAD183DB3}.Release|Any CPU.ActiveCfg = Release|Any CPU
		{4D6BC9CE-A8E6-4E83-8D35-153DAD183DB3}.Release|Any CPU.Build.0 = Release|Any CPU
	EndGlobalSection
	GlobalSection(SolutionProperties) = preSolution
		HideSolutionNode = FALSE
	EndGlobalSection
	GlobalSection(ExtensibilityGlobals) = postSolution
		SolutionGuid = {5033F994-4191-4E23-9E82-7F3243BFE485}
	EndGlobalSection
EndGlobal
